<Solution>
  <Project Path="UniRx.csproj" />
  <Project Path="MagicaClothV2.csproj" />
  <Project Path="MagicaClothV2.Editor.csproj" />
  <Project Path="Assembly-CSharp.csproj" />
  <Project Path="UniRx.Examples.csproj" />
  <Project Path="Assembly-CSharp-firstpass.csproj" />
  <Project Path="Assembly-CSharp-Editor.csproj" />
  <Project Path="MagicaCloth2Example.csproj" />
</Solution>
